
Microsoft Visual Studio Solution File, Format Version 12.00
# Visual Studio Version 16
VisualStudioVersion = 16.0.29709.97
MinimumVisualStudioVersion = 10.0.40219.1
Project("{9A19103F-16F7-4668-BE54-9A1E7A4F7556}") = "AnalyzePlugin", "AnalyzePlugin\AnalyzePlugin.csproj", "{AA43417D-C032-457E-9B51-5512011C6426}"
EndProject
Project("{9A19103F-16F7-4668-BE54-9A1E7A4F7556}") = "PluginAnalyzer", "PluginAnalyzer\PluginAnalyzer\PluginAnalyzer.csproj", "{9489E729-A24E-446D-BBEC-9A0F0B7C0D6C}"
EndProject
Project("{9A19103F-16F7-4668-BE54-9A1E7A4F7556}") = "PluginAnalyzer.Test", "PluginAnalyzer\PluginAnalyzer.Test\PluginAnalyzer.Test.csproj", "{D23982BD-50A4-414B-814D-2A38DC78CDBE}"
EndProject
Project("{FAE04EC0-301F-11D3-BF4B-00C04F79EFBC}") = "PluginAnalyzer.Vsix", "PluginAnalyzer\PluginAnalyzer.Vsix\PluginAnalyzer.Vsix.csproj", "{28FCA3EC-8914-4E52-89B5-2E7C80664348}"
EndProject
Project("{FAE04EC0-301F-11D3-BF4B-00C04F79EFBC}") = "Decompiler", "Decompiler\Decompiler.csproj", "{1196F576-BCC8-4D1E-9C7A-5224DD6F01B0}"
EndProject
Global
	GlobalSection(SolutionConfigurationPlatforms) = preSolution
		Debug|Any CPU = Debug|Any CPU
		Release|Any CPU = Release|Any CPU
	EndGlobalSection
	GlobalSection(ProjectConfigurationPlatforms) = postSolution
		{AA43417D-C032-457E-9B51-5512011C6426}.Debug|Any CPU.ActiveCfg = Debug|Any CPU
		{AA43417D-C032-457E-9B51-5512011C6426}.Debug|Any CPU.Build.0 = Debug|Any CPU
		{AA43417D-C032-457E-9B51-5512011C6426}.Release|Any CPU.ActiveCfg = Release|Any CPU
		{AA43417D-C032-457E-9B51-5512011C6426}.Release|Any CPU.Build.0 = Release|Any CPU
		{9489E729-A24E-446D-BBEC-9A0F0B7C0D6C}.Debug|Any CPU.ActiveCfg = Debug|Any CPU
		{9489E729-A24E-446D-BBEC-9A0F0B7C0D6C}.Debug|Any CPU.Build.0 = Debug|Any CPU
		{9489E729-A24E-446D-BBEC-9A0F0B7C0D6C}.Release|Any CPU.ActiveCfg = Release|Any CPU
		{9489E729-A24E-446D-BBEC-9A0F0B7C0D6C}.Release|Any CPU.Build.0 = Release|Any CPU
		{D23982BD-50A4-414B-814D-2A38DC78CDBE}.Debug|Any CPU.ActiveCfg = Debug|Any CPU
		{D23982BD-50A4-414B-814D-2A38DC78CDBE}.Debug|Any CPU.Build.0 = Debug|Any CPU
		{D23982BD-50A4-414B-814D-2A38DC78CDBE}.Release|Any CPU.ActiveCfg = Release|Any CPU
		{D23982BD-50A4-414B-814D-2A38DC78CDBE}.Release|Any CPU.Build.0 = Release|Any CPU
		{28FCA3EC-8914-4E52-89B5-2E7C80664348}.Debug|Any CPU.ActiveCfg = Debug|Any CPU
		{28FCA3EC-8914-4E52-89B5-2E7C80664348}.Debug|Any CPU.Build.0 = Debug|Any CPU
		{28FCA3EC-8914-4E52-89B5-2E7C80664348}.Release|Any CPU.ActiveCfg = Release|Any CPU
		{28FCA3EC-8914-4E52-89B5-2E7C80664348}.Release|Any CPU.Build.0 = Release|Any CPU
		{1196F576-BCC8-4D1E-9C7A-5224DD6F01B0}.Debug|Any CPU.ActiveCfg = Debug|Any CPU
		{1196F576-BCC8-4D1E-9C7A-5224DD6F01B0}.Debug|Any CPU.Build.0 = Debug|Any CPU
		{1196F576-BCC8-4D1E-9C7A-5224DD6F01B0}.Release|Any CPU.ActiveCfg = Release|Any CPU
		{1196F576-BCC8-4D1E-9C7A-5224DD6F01B0}.Release|Any CPU.Build.0 = Release|Any CPU
	EndGlobalSection
	GlobalSection(SolutionProperties) = preSolution
		HideSolutionNode = FALSE
	EndGlobalSection
	GlobalSection(ExtensibilityGlobals) = postSolution
		SolutionGuid = {F4903291-AE4F-49A4-9968-BA07D72EFF52}
	EndGlobalSection
EndGlobal
