
Microsoft Visual Studio Solution File, Format Version 12.00
# Visual Studio Version 17
VisualStudioVersion = 17.4.33403.182
MinimumVisualStudioVersion = 10.0.40219.1
Project("{FAE04EC0-301F-11D3-BF4B-00C04F79EFBC}") = "FederatedTokenPOC", "FederatedTokenPOC.csproj", "{7560DB62-99C0-459A-8085-54DB5050FC26}"
EndProject
Global
	GlobalSection(SolutionConfigurationPlatforms) = preSolution
		Debug|Any CPU = Debug|Any CPU
		Release|Any CPU = Release|Any CPU
	EndGlobalSection
	GlobalSection(ProjectConfigurationPlatforms) = postSolution
		{7560DB62-99C0-459A-8085-54DB5050FC26}.Debug|Any CPU.ActiveCfg = Debug|Any CPU
		{7560DB62-99C0-459A-8085-54DB5050FC26}.Debug|Any CPU.Build.0 = Debug|Any CPU
		{7560DB62-99C0-459A-8085-54DB5050FC26}.Release|Any CPU.ActiveCfg = Release|Any CPU
		{7560DB62-99C0-459A-8085-54DB5050FC26}.Release|Any CPU.Build.0 = Release|Any CPU
	EndGlobalSection
	GlobalSection(SolutionProperties) = preSolution
		HideSolutionNode = FALSE
	EndGlobalSection
	GlobalSection(ExtensibilityGlobals) = postSolution
		SolutionGuid = {F7735535-9192-4BA0-96B3-675C5E71519F}
	EndGlobalSection
EndGlobal
